// !$*UTF8*$!
{
	archiveVersion = 1;
	classes = {
	};
	objectVersion = 52;
	objects = {

/* Begin PBXBuildFile section */
		C1680BFF264A0C97006EC17B /* Deck52App.swift in Sources */ = {isa = PBXBuildFile; fileRef = C1680BFE264A0C97006EC17B /* Deck52App.swift */; };
		C1680C01264A0C97006EC17B /* ContentView.swift in Sources */ = {isa = PBXBuildFile; fileRef = C1680C00264A0C97006EC17B /* ContentView.swift */; };
		C1680C03264A0C98006EC17B /* Assets.xcassets in Resources */ = {isa = PBXBuildFile; fileRef = C1680C02264A0C98006EC17B /* Assets.xcassets */; };
		C1680C06264A0C98006EC17B /* Preview Assets.xcassets in Resources */ = {isa = PBXBuildFile; fileRef = C1680C05264A0C98006EC17B /* Preview Assets.xcassets */; };
		C1680C13264A1025006EC17B /* GoogleService-Info.plist in Resources */ = {isa = PBXBuildFile; fileRef = C1680C12264A1025006EC17B /* GoogleService-Info.plist */; };
		C1680C16264A10BB006EC17B /* FirebaseFirestore in Frameworks */ = {isa = PBXBuildFile; productRef = C1680C15264A10BB006EC17B /* FirebaseFirestore */; };
		C1680C18264A10BB006EC17B /* FirebaseDatabase in Frameworks */ = {isa = PBXBuildFile; productRef = C1680C17264A10BB006EC17B /* FirebaseDatabase */; };
		C1680C1A264A10BB006EC17B /* FirebaseFirestoreSwift-Beta in Frameworks */ = {isa = PBXBuildFile; productRef = C1680C19264A10BB006EC17B /* FirebaseFirestoreSwift-Beta */; };
		C1680C1C264A10BB006EC17B /* FirebaseStorageSwift-Beta in Frameworks */ = {isa = PBXBuildFile; productRef = C1680C1B264A10BB006EC17B /* FirebaseStorageSwift-Beta */; };
		C1680C1E264A10BB006EC17B /* FirebaseStorage in Frameworks */ = {isa = PBXBuildFile; productRef = C1680C1D264A10BB006EC17B /* FirebaseStorage */; };
		C1680C20264A10BB006EC17B /* FirebaseFunctions in Frameworks */ = {isa = PBXBuildFile; productRef = C1680C1F264A10BB006EC17B /* FirebaseFunctions */; };
		C1680C22264A10BB006EC17B /* FirebaseMessaging in Frameworks */ = {isa = PBXBuildFile; productRef = C1680C21264A10BB006EC17B /* FirebaseMessaging */; };
		C1680C24264A10BB006EC17B /* FirebaseAuth in Frameworks */ = {isa = PBXBuildFile; productRef = C1680C23264A10BB006EC17B /* FirebaseAuth */; };
		C1680C26264A1176006EC17B /* SignInView.swift in Sources */ = {isa = PBXBuildFile; fileRef = C1680C25264A1176006EC17B /* SignInView.swift */; };
		C1680C28264A1265006EC17B /* CustomTextField.swift in Sources */ = {isa = PBXBuildFile; fileRef = C1680C27264A1265006EC17B /* CustomTextField.swift */; };
		C1680C2A264A1306006EC17B /* CustomSecureField.swift in Sources */ = {isa = PBXBuildFile; fileRef = C1680C29264A1306006EC17B /* CustomSecureField.swift */; };
		C1680C2C264A1836006EC17B /* AuthVM.swift in Sources */ = {isa = PBXBuildFile; fileRef = C1680C2B264A1836006EC17B /* AuthVM.swift */; };
		C1680C2E264A1C39006EC17B /* HomeView.swift in Sources */ = {isa = PBXBuildFile; fileRef = C1680C2D264A1C39006EC17B /* HomeView.swift */; };
/* End PBXBuildFile section */

/* Begin PBXFileReference section */
		C1680BFB264A0C97006EC17B /* Deck52.app */ = {isa = PBXFileReference; explicitFileType = wrapper.application; includeInIndex = 0; path = Deck52.app; sourceTree = BUILT_PRODUCTS_DIR; };
		C1680BFE264A0C97006EC17B /* Deck52App.swift */ = {isa = PBXFileReference; lastKnownFileType = sourcecode.swift; path = Deck52App.swift; sourceTree = "<group>"; };
		C1680C00264A0C97006EC17B /* ContentView.swift */ = {isa = PBXFileReference; lastKnownFileType = sourcecode.swift; path = ContentView.swift; sourceTree = "<group>"; };
		C1680C02264A0C98006EC17B /* Assets.xcassets */ = {isa = PBXFileReference; lastKnownFileType = folder.assetcatalog; path = Assets.xcassets; sourceTree = "<group>"; };
		C1680C05264A0C98006EC17B /* Preview Assets.xcassets */ = {isa = PBXFileReference; lastKnownFileType = folder.assetcatalog; path = "Preview Assets.xcassets"; sourceTree = "<group>"; };
		C1680C07264A0C98006EC17B /* Info.plist */ = {isa = PBXFileReference; lastKnownFileType = text.plist.xml; path = Info.plist; sourceTree = "<group>"; };
		C1680C12264A1025006EC17B /* GoogleService-Info.plist */ = {isa = PBXFileReference; fileEncoding = 4; lastKnownFileType = text.plist.xml; path = "GoogleService-Info.plist"; sourceTree = "<group>"; };
		C1680C25264A1176006EC17B /* SignInView.swift */ = {isa = PBXFileReference; lastKnownFileType = sourcecode.swift; path = SignInView.swift; sourceTree = "<group>"; };
		C1680C27264A1265006EC17B /* CustomTextField.swift */ = {isa = PBXFileReference; lastKnownFileType = sourcecode.swift; path = CustomTextField.swift; sourceTree = "<group>"; };
		C1680C29264A1306006EC17B /* CustomSecureField.swift */ = {isa = PBXFileReference; lastKnownFileType = sourcecode.swift; path = CustomSecureField.swift; sourceTree = "<group>"; };
		C1680C2B264A1836006EC17B /* AuthVM.swift */ = {isa = PBXFileReference; lastKnownFileType = sourcecode.swift; path = AuthVM.swift; sourceTree = "<group>"; };
		C1680C2D264A1C39006EC17B /* HomeView.swift */ = {isa = PBXFileReference; lastKnownFileType = sourcecode.swift; path = HomeView.swift; sourceTree = "<group>"; };
/* End PBXFileReference section */

/* Begin PBXFrameworksBuildPhase section */
		C1680BF8264A0C97006EC17B /* Frameworks */ = {
			isa = PBXFrameworksBuildPhase;
			buildActionMask = 2147483647;
			files = (
				C1680C1A264A10BB006EC17B /* FirebaseFirestoreSwift-Beta in Frameworks */,
				C1680C1C264A10BB006EC17B /* FirebaseStorageSwift-Beta in Frameworks */,
				C1680C22264A10BB006EC17B /* FirebaseMessaging in Frameworks */,
				C1680C18264A10BB006EC17B /* FirebaseDatabase in Frameworks */,
				C1680C20264A10BB006EC17B /* FirebaseFunctions in Frameworks */,
				C1680C1E264A10BB006EC17B /* FirebaseStorage in Frameworks */,
				C1680C16264A10BB006EC17B /* FirebaseFirestore in Frameworks */,
				C1680C24264A10BB006EC17B /* FirebaseAuth in Frameworks */,
			);
			runOnlyForDeploymentPostprocessing = 0;
		};
/* End PBXFrameworksBuildPhase section */

/* Begin PBXGroup section */
		C1680BF2264A0C97006EC17B = {
			isa = PBXGroup;
			children = (
				C1680BFD264A0C97006EC17B /* Deck52 */,
				C1680BFC264A0C97006EC17B /* Products */,
			);
			sourceTree = "<group>";
		};
		C1680BFC264A0C97006EC17B /* Products */ = {
			isa = PBXGroup;
			children = (
				C1680BFB264A0C97006EC17B /* Deck52.app */,
			);
			name = Products;
			sourceTree = "<group>";
		};
		C1680BFD264A0C97006EC17B /* Deck52 */ = {
			isa = PBXGroup;
			children = (
				C1680BFE264A0C97006EC17B /* Deck52App.swift */,
				C1680C00264A0C97006EC17B /* ContentView.swift */,
				C1680C11264A0F3F006EC17B /* Utility */,
				C1680C10264A0F2B006EC17B /* API */,
				C1680C0F264A0E3A006EC17B /* Models */,
				C1680C0E264A0E2E006EC17B /* ViewModel */,
				C1680C0D264A0E23006EC17B /* Views */,
				C1680C02264A0C98006EC17B /* Assets.xcassets */,
				C1680C07264A0C98006EC17B /* Info.plist */,
				C1680C12264A1025006EC17B /* GoogleService-Info.plist */,
				C1680C04264A0C98006EC17B /* Preview Content */,
			);
			path = Deck52;
			sourceTree = "<group>";
		};
		C1680C04264A0C98006EC17B /* Preview Content */ = {
			isa = PBXGroup;
			children = (
				C1680C05264A0C98006EC17B /* Preview Assets.xcassets */,
			);
			path = "Preview Content";
			sourceTree = "<group>";
		};
		C1680C0D264A0E23006EC17B /* Views */ = {
			isa = PBXGroup;
			children = (
				C1680C25264A1176006EC17B /* SignInView.swift */,
				C1680C2D264A1C39006EC17B /* HomeView.swift */,
			);
			path = Views;
			sourceTree = "<group>";
		};
		C1680C0E264A0E2E006EC17B /* ViewModel */ = {
			isa = PBXGroup;
			children = (
				C1680C2B264A1836006EC17B /* AuthVM.swift */,
			);
			path = ViewModel;
			sourceTree = "<group>";
		};
		C1680C0F264A0E3A006EC17B /* Models */ = {
			isa = PBXGroup;
			children = (
			);
			path = Models;
			sourceTree = "<group>";
		};
		C1680C10264A0F2B006EC17B /* API */ = {
			isa = PBXGroup;
			children = (
			);
			path = API;
			sourceTree = "<group>";
		};
		C1680C11264A0F3F006EC17B /* Utility */ = {
			isa = PBXGroup;
			children = (
				C1680C27264A1265006EC17B /* CustomTextField.swift */,
				C1680C29264A1306006EC17B /* CustomSecureField.swift */,
			);
			path = Utility;
			sourceTree = "<group>";
		};
/* End PBXGroup section */

/* Begin PBXNativeTarget section */
		C1680BFA264A0C97006EC17B /* Deck52 */ = {
			isa = PBXNativeTarget;
			buildConfigurationList = C1680C0A264A0C98006EC17B /* Build configuration list for PBXNativeTarget "Deck52" */;
			buildPhases = (
				C1680BF7264A0C97006EC17B /* Sources */,
				C1680BF8264A0C97006EC17B /* Frameworks */,
				C1680BF9264A0C97006EC17B /* Resources */,
			);
			buildRules = (
			);
			dependencies = (
			);
			name = Deck52;
			packageProductDependencies = (
				C1680C15264A10BB006EC17B /* FirebaseFirestore */,
				C1680C17264A10BB006EC17B /* FirebaseDatabase */,
				C1680C19264A10BB006EC17B /* FirebaseFirestoreSwift-Beta */,
				C1680C1B264A10BB006EC17B /* FirebaseStorageSwift-Beta */,
				C1680C1D264A10BB006EC17B /* FirebaseStorage */,
				C1680C1F264A10BB006EC17B /* FirebaseFunctions */,
				C1680C21264A10BB006EC17B /* FirebaseMessaging */,
				C1680C23264A10BB006EC17B /* FirebaseAuth */,
			);
			productName = Deck52;
			productReference = C1680BFB264A0C97006EC17B /* Deck52.app */;
			productType = "com.apple.product-type.application";
		};
/* End PBXNativeTarget section */

/* Begin PBXProject section */
		C1680BF3264A0C97006EC17B /* Project object */ = {
			isa = PBXProject;
			attributes = {
				LastSwiftUpdateCheck = 1250;
				LastUpgradeCheck = 1250;
				TargetAttributes = {
					C1680BFA264A0C97006EC17B = {
						CreatedOnToolsVersion = 12.5;
					};
				};
			};
			buildConfigurationList = C1680BF6264A0C97006EC17B /* Build configuration list for PBXProject "Deck52" */;
			compatibilityVersion = "Xcode 9.3";
			developmentRegion = en;
			hasScannedForEncodings = 0;
			knownRegions = (
				en,
				Base,
			);
			mainGroup = C1680BF2264A0C97006EC17B;
			packageReferences = (
				C1680C14264A10BB006EC17B /* XCRemoteSwiftPackageReference "firebase-ios-sdk" */,
			);
			productRefGroup = C1680BFC264A0C97006EC17B /* Products */;
			projectDirPath = "";
			projectRoot = "";
			targets = (
				C1680BFA264A0C97006EC17B /* Deck52 */,
			);
		};
/* End PBXProject section */

/* Begin PBXResourcesBuildPhase section */
		C1680BF9264A0C97006EC17B /* Resources */ = {
			isa = PBXResourcesBuildPhase;
			buildActionMask = 2147483647;
			files = (
				C1680C06264A0C98006EC17B /* Preview Assets.xcassets in Resources */,
				C1680C03264A0C98006EC17B /* Assets.xcassets in Resources */,
				C1680C13264A1025006EC17B /* GoogleService-Info.plist in Resources */,
			);
			runOnlyForDeploymentPostprocessing = 0;
		};
/* End PBXResourcesBuildPhase section */

/* Begin PBXSourcesBuildPhase section */
		C1680BF7264A0C97006EC17B /* Sources */ = {
			isa = PBXSourcesBuildPhase;
			buildActionMask = 2147483647;
			files = (
				C1680C2C264A1836006EC17B /* AuthVM.swift in Sources */,
				C1680C2E264A1C39006EC17B /* HomeView.swift in Sources */,
				C1680C28264A1265006EC17B /* CustomTextField.swift in Sources */,
				C1680C26264A1176006EC17B /* SignInView.swift in Sources */,
				C1680C2A264A1306006EC17B /* CustomSecureField.swift in Sources */,
				C1680C01264A0C97006EC17B /* ContentView.swift in Sources */,
				C1680BFF264A0C97006EC17B /* Deck52App.swift in Sources */,
			);
			runOnlyForDeploymentPostprocessing = 0;
		};
/* End PBXSourcesBuildPhase section */

/* Begin XCBuildConfiguration section */
		C1680C08264A0C98006EC17B /* Debug */ = {
			isa = XCBuildConfiguration;
			buildSettings = {
				ALWAYS_SEARCH_USER_PATHS = NO;
				CLANG_ANALYZER_NONNULL = YES;
				CLANG_ANALYZER_NUMBER_OBJECT_CONVERSION = YES_AGGRESSIVE;
				CLANG_CXX_LANGUAGE_STANDARD = "gnu++14";
				CLANG_CXX_LIBRARY = "libc++";
				CLANG_ENABLE_MODULES = YES;
				CLANG_ENABLE_OBJC_ARC = YES;
				CLANG_ENABLE_OBJC_WEAK = YES;
				CLANG_WARN_BLOCK_CAPTURE_AUTORELEASING = YES;
				CLANG_WARN_BOOL_CONVERSION = YES;
				CLANG_WARN_COMMA = YES;
				CLANG_WARN_CONSTANT_CONVERSION = YES;
				CLANG_WARN_DEPRECATED_OBJC_IMPLEMENTATIONS = YES;
				CLANG_WARN_DIRECT_OBJC_ISA_USAGE = YES_ERROR;
				CLANG_WARN_DOCUMENTATION_COMMENTS = YES;
				CLANG_WARN_EMPTY_BODY = YES;
				CLANG_WARN_ENUM_CONVERSION = YES;
				CLANG_WARN_INFINITE_RECURSION = YES;
				CLANG_WARN_INT_CONVERSION = YES;
				CLANG_WARN_NON_LITERAL_NULL_CONVERSION = YES;
				CLANG_WARN_OBJC_IMPLICIT_RETAIN_SELF = YES;
				CLANG_WARN_OBJC_LITERAL_CONVERSION = YES;
				CLANG_WARN_OBJC_ROOT_CLASS = YES_ERROR;
				CLANG_WARN_QUOTED_INCLUDE_IN_FRAMEWORK_HEADER = YES;
				CLANG_WARN_RANGE_LOOP_ANALYSIS = YES;
				CLANG_WARN_STRICT_PROTOTYPES = YES;
				CLANG_WARN_SUSPICIOUS_MOVE = YES;
				CLANG_WARN_UNGUARDED_AVAILABILITY = YES_AGGRESSIVE;
				CLANG_WARN_UNREACHABLE_CODE = YES;
				CLANG_WARN__DUPLICATE_METHOD_MATCH = YES;
				COPY_PHASE_STRIP = NO;
				DEBUG_INFORMATION_FORMAT = dwarf;
				ENABLE_STRICT_OBJC_MSGSEND = YES;
				ENABLE_TESTABILITY = YES;
				GCC_C_LANGUAGE_STANDARD = gnu11;
				GCC_DYNAMIC_NO_PIC = NO;
				GCC_NO_COMMON_BLOCKS = YES;
				GCC_OPTIMIZATION_LEVEL = 0;
				GCC_PREPROCESSOR_DEFINITIONS = (
					"DEBUG=1",
					"$(inherited)",
				);
				GCC_WARN_64_TO_32_BIT_CONVERSION = YES;
				GCC_WARN_ABOUT_RETURN_TYPE = YES_ERROR;
				GCC_WARN_UNDECLARED_SELECTOR = YES;
				GCC_WARN_UNINITIALIZED_AUTOS = YES_AGGRESSIVE;
				GCC_WARN_UNUSED_FUNCTION = YES;
				GCC_WARN_UNUSED_VARIABLE = YES;
				IPHONEOS_DEPLOYMENT_TARGET = 14.5;
				MTL_ENABLE_DEBUG_INFO = INCLUDE_SOURCE;
				MTL_FAST_MATH = YES;
				ONLY_ACTIVE_ARCH = YES;
				SDKROOT = iphoneos;
				SWIFT_ACTIVE_COMPILATION_CONDITIONS = DEBUG;
				SWIFT_OPTIMIZATION_LEVEL = "-Onone";
			};
			name = Debug;
		};
		C1680C09264A0C98006EC17B /* Release */ = {
			isa = XCBuildConfiguration;
			buildSettings = {
				ALWAYS_SEARCH_USER_PATHS = NO;
				CLANG_ANALYZER_NONNULL = YES;
				CLANG_ANALYZER_NUMBER_OBJECT_CONVERSION = YES_AGGRESSIVE;
				CLANG_CXX_LANGUAGE_STANDARD = "gnu++14";
				CLANG_CXX_LIBRARY = "libc++";
				CLANG_ENABLE_MODULES = YES;
				CLANG_ENABLE_OBJC_ARC = YES;
				CLANG_ENABLE_OBJC_WEAK = YES;
				CLANG_WARN_BLOCK_CAPTURE_AUTORELEASING = YES;
				CLANG_WARN_BOOL_CONVERSION = YES;
				CLANG_WARN_COMMA = YES;
				CLANG_WARN_CONSTANT_CONVERSION = YES;
				CLANG_WARN_DEPRECATED_OBJC_IMPLEMENTATIONS = YES;
				CLANG_WARN_DIRECT_OBJC_ISA_USAGE = YES_ERROR;
				CLANG_WARN_DOCUMENTATION_COMMENTS = YES;
				CLANG_WARN_EMPTY_BODY = YES;
				CLANG_WARN_ENUM_CONVERSION = YES;
				CLANG_WARN_INFINITE_RECURSION = YES;
				CLANG_WARN_INT_CONVERSION = YES;
				CLANG_WARN_NON_LITERAL_NULL_CONVERSION = YES;
				CLANG_WARN_OBJC_IMPLICIT_RETAIN_SELF = YES;
				CLANG_WARN_OBJC_LITERAL_CONVERSION = YES;
				CLANG_WARN_OBJC_ROOT_CLASS = YES_ERROR;
				CLANG_WARN_QUOTED_INCLUDE_IN_FRAMEWORK_HEADER = YES;
				CLANG_WARN_RANGE_LOOP_ANALYSIS = YES;
				CLANG_WARN_STRICT_PROTOTYPES = YES;
				CLANG_WARN_SUSPICIOUS_MOVE = YES;
				CLANG_WARN_UNGUARDED_AVAILABILITY = YES_AGGRESSIVE;
				CLANG_WARN_UNREACHABLE_CODE = YES;
				CLANG_WARN__DUPLICATE_METHOD_MATCH = YES;
				COPY_PHASE_STRIP = NO;
				DEBUG_INFORMATION_FORMAT = "dwarf-with-dsym";
				ENABLE_NS_ASSERTIONS = NO;
				ENABLE_STRICT_OBJC_MSGSEND = YES;
				GCC_C_LANGUAGE_STANDARD = gnu11;
				GCC_NO_COMMON_BLOCKS = YES;
				GCC_WARN_64_TO_32_BIT_CONVERSION = YES;
				GCC_WARN_ABOUT_RETURN_TYPE = YES_ERROR;
				GCC_WARN_UNDECLARED_SELECTOR = YES;
				GCC_WARN_UNINITIALIZED_AUTOS = YES_AGGRESSIVE;
				GCC_WARN_UNUSED_FUNCTION = YES;
				GCC_WARN_UNUSED_VARIABLE = YES;
				IPHONEOS_DEPLOYMENT_TARGET = 14.5;
				MTL_ENABLE_DEBUG_INFO = NO;
				MTL_FAST_MATH = YES;
				SDKROOT = iphoneos;
				SWIFT_COMPILATION_MODE = wholemodule;
				SWIFT_OPTIMIZATION_LEVEL = "-O";
				VALIDATE_PRODUCT = YES;
			};
			name = Release;
		};
		C1680C0B264A0C98006EC17B /* Debug */ = {
			isa = XCBuildConfiguration;
			buildSettings = {
				ASSETCATALOG_COMPILER_APPICON_NAME = AppIcon;
				ASSETCATALOG_COMPILER_GLOBAL_ACCENT_COLOR_NAME = AccentColor;
				CODE_SIGN_STYLE = Automatic;
				DEVELOPMENT_ASSET_PATHS = "\"Deck52/Preview Content\"";
				DEVELOPMENT_TEAM = 6KG9KP6856;
				ENABLE_PREVIEWS = YES;
				INFOPLIST_FILE = Deck52/Info.plist;
				IPHONEOS_DEPLOYMENT_TARGET = 14.0;
				LD_RUNPATH_SEARCH_PATHS = (
					"$(inherited)",
					"@executable_path/Frameworks",
				);
				PRODUCT_BUNDLE_IDENTIFIER = com.made.andres.Deck52;
				PRODUCT_NAME = "$(TARGET_NAME)";
				SWIFT_VERSION = 5.0;
				TARGETED_DEVICE_FAMILY = "1,2";
			};
			name = Debug;
		};
		C1680C0C264A0C98006EC17B /* Release */ = {
			isa = XCBuildConfiguration;
			buildSettings = {
				ASSETCATALOG_COMPILER_APPICON_NAME = AppIcon;
				ASSETCATALOG_COMPILER_GLOBAL_ACCENT_COLOR_NAME = AccentColor;
				CODE_SIGN_STYLE = Automatic;
				DEVELOPMENT_ASSET_PATHS = "\"Deck52/Preview Content\"";
				DEVELOPMENT_TEAM = 6KG9KP6856;
				ENABLE_PREVIEWS = YES;
				INFOPLIST_FILE = Deck52/Info.plist;
				IPHONEOS_DEPLOYMENT_TARGET = 14.0;
				LD_RUNPATH_SEARCH_PATHS = (
					"$(inherited)",
					"@executable_path/Frameworks",
				);
				PRODUCT_BUNDLE_IDENTIFIER = com.made.andres.Deck52;
				PRODUCT_NAME = "$(TARGET_NAME)";
				SWIFT_VERSION = 5.0;
				TARGETED_DEVICE_FAMILY = "1,2";
			};
			name = Release;
		};
/* End XCBuildConfiguration section */

/* Begin XCConfigurationList section */
		C1680BF6264A0C97006EC17B /* Build configuration list for PBXProject "Deck52" */ = {
			isa = XCConfigurationList;
			buildConfigurations = (
				C1680C08264A0C98006EC17B /* Debug */,
				C1680C09264A0C98006EC17B /* Release */,
			);
			defaultConfigurationIsVisible = 0;
			defaultConfigurationName = Release;
		};
		C1680C0A264A0C98006EC17B /* Build configuration list for PBXNativeTarget "Deck52" */ = {
			isa = XCConfigurationList;
			buildConfigurations = (
				C1680C0B264A0C98006EC17B /* Debug */,
				C1680C0C264A0C98006EC17B /* Release */,
			);
			defaultConfigurationIsVisible = 0;
			defaultConfigurationName = Release;
		};
/* End XCConfigurationList section */

/* Begin XCRemoteSwiftPackageReference section */
		C1680C14264A10BB006EC17B /* XCRemoteSwiftPackageReference "firebase-ios-sdk" */ = {
			isa = XCRemoteSwiftPackageReference;
			repositoryURL = "https://github.com/firebase/firebase-ios-sdk.git";
			requirement = {
				kind = upToNextMajorVersion;
				minimumVersion = 7.11.1;
			};
		};
/* End XCRemoteSwiftPackageReference section */

/* Begin XCSwiftPackageProductDependency section */
		C1680C15264A10BB006EC17B /* FirebaseFirestore */ = {
			isa = XCSwiftPackageProductDependency;
			package = C1680C14264A10BB006EC17B /* XCRemoteSwiftPackageReference "firebase-ios-sdk" */;
			productName = FirebaseFirestore;
		};
		C1680C17264A10BB006EC17B /* FirebaseDatabase */ = {
			isa = XCSwiftPackageProductDependency;
			package = C1680C14264A10BB006EC17B /* XCRemoteSwiftPackageReference "firebase-ios-sdk" */;
			productName = FirebaseDatabase;
		};
		C1680C19264A10BB006EC17B /* FirebaseFirestoreSwift-Beta */ = {
			isa = XCSwiftPackageProductDependency;
			package = C1680C14264A10BB006EC17B /* XCRemoteSwiftPackageReference "firebase-ios-sdk" */;
			productName = "FirebaseFirestoreSwift-Beta";
		};
		C1680C1B264A10BB006EC17B /* FirebaseStorageSwift-Beta */ = {
			isa = XCSwiftPackageProductDependency;
			package = C1680C14264A10BB006EC17B /* XCRemoteSwiftPackageReference "firebase-ios-sdk" */;
			productName = "FirebaseStorageSwift-Beta";
		};
		C1680C1D264A10BB006EC17B /* FirebaseStorage */ = {
			isa = XCSwiftPackageProductDependency;
			package = C1680C14264A10BB006EC17B /* XCRemoteSwiftPackageReference "firebase-ios-sdk" */;
			productName = FirebaseStorage;
		};
		C1680C1F264A10BB006EC17B /* FirebaseFunctions */ = {
			isa = XCSwiftPackageProductDependency;
			package = C1680C14264A10BB006EC17B /* XCRemoteSwiftPackageReference "firebase-ios-sdk" */;
			productName = FirebaseFunctions;
		};
		C1680C21264A10BB006EC17B /* FirebaseMessaging */ = {
			isa = XCSwiftPackageProductDependency;
			package = C1680C14264A10BB006EC17B /* XCRemoteSwiftPackageReference "firebase-ios-sdk" */;
			productName = FirebaseMessaging;
		};
		C1680C23264A10BB006EC17B /* FirebaseAuth */ = {
			isa = XCSwiftPackageProductDependency;
			package = C1680C14264A10BB006EC17B /* XCRemoteSwiftPackageReference "firebase-ios-sdk" */;
			productName = FirebaseAuth;
		};
/* End XCSwiftPackageProductDependency section */
	};
	rootObject = C1680BF3264A0C97006EC17B /* Project object */;
}
